// !$*UTF8*$!
{
	archiveVersion = 1;
	classes = {
	};
	objectVersion = 50;
	objects = {

/* Begin PBXBuildFile section */
		E76BCDF4220C82740087714B /* AppDelegate.swift in Sources */ = {isa = PBXBuildFile; fileRef = E76BCDF3220C82740087714B /* AppDelegate.swift */; };
		E76BCDF6220C82740087714B /* ViewController.swift in Sources */ = {isa = PBXBuildFile; fileRef = E76BCDF5220C82740087714B /* ViewController.swift */; };
		E76BCDF9220C82740087714B /* Main.storyboard in Resources */ = {isa = PBXBuildFile; fileRef = E76BCDF7220C82740087714B /* Main.storyboard */; };
		E76BCDFB220C82760087714B /* Assets.xcassets in Resources */ = {isa = PBXBuildFile; fileRef = E76BCDFA220C82760087714B /* Assets.xcassets */; };
		E76BCDFE220C82760087714B /* LaunchScreen.storyboard in Resources */ = {isa = PBXBuildFile; fileRef = E76BCDFC220C82760087714B /* LaunchScreen.storyboard */; };
		E76BCE07220C82E20087714B /* PupilsViewController.swift in Sources */ = {isa = PBXBuildFile; fileRef = E76BCE06220C82E20087714B /* PupilsViewController.swift */; };
		E76BCE09220C82EF0087714B /* PupilsViewController.storyboard in Resources */ = {isa = PBXBuildFile; fileRef = E76BCE08220C82EF0087714B /* PupilsViewController.storyboard */; };
		E76BCE0C220C86440087714B /* UITableViewExtentions.swift in Sources */ = {isa = PBXBuildFile; fileRef = E76BCE0B220C86440087714B /* UITableViewExtentions.swift */; };
		E76BCE0E220C89710087714B /* PupilsTableViewCell.swift in Sources */ = {isa = PBXBuildFile; fileRef = E76BCE0D220C89710087714B /* PupilsTableViewCell.swift */; };
		E76BCE11220C89DA0087714B /* PupilModel.swift in Sources */ = {isa = PBXBuildFile; fileRef = E76BCE10220C89DA0087714B /* PupilModel.swift */; };
		E76BCE13220C904D0087714B /* PupilData.swift in Sources */ = {isa = PBXBuildFile; fileRef = E76BCE12220C904D0087714B /* PupilData.swift */; };
		E76BCE15220C90D80087714B /* PupilFunctions.swift in Sources */ = {isa = PBXBuildFile; fileRef = E76BCE14220C90D80087714B /* PupilFunctions.swift */; };
		E76BCE18220C9E9B0087714B /* EditPupilViewController.storyboard in Resources */ = {isa = PBXBuildFile; fileRef = E76BCE17220C9E9B0087714B /* EditPupilViewController.storyboard */; };
		E76BCE1A220C9EA60087714B /* EditPupilViewController.swift in Sources */ = {isa = PBXBuildFile; fileRef = E76BCE19220C9EA60087714B /* EditPupilViewController.swift */; };
		E76BCE1E220CA02E0087714B /* PopupUIView.swift in Sources */ = {isa = PBXBuildFile; fileRef = E76BCE1D220CA02E0087714B /* PopupUIView.swift */; };
		E76BCE20220CA0590087714B /* Theme.swift in Sources */ = {isa = PBXBuildFile; fileRef = E76BCE1F220CA0590087714B /* Theme.swift */; };
		E76BCE24220CA1030087714B /* Color.xcassets in Resources */ = {isa = PBXBuildFile; fileRef = E76BCE23220CA1030087714B /* Color.xcassets */; };
		E76BCE26220CA6CC0087714B /* UIViewControllerExtention.swift in Sources */ = {isa = PBXBuildFile; fileRef = E76BCE25220CA6CC0087714B /* UIViewControllerExtention.swift */; };
		E791944122339D850066D9DD /* UIViewExtensions.swift in Sources */ = {isa = PBXBuildFile; fileRef = E791944022339D850066D9DD /* UIViewExtensions.swift */; };
		E7EF4630220F03B90059A047 /* Validation.swift in Sources */ = {isa = PBXBuildFile; fileRef = E7EF462F220F03B90059A047 /* Validation.swift */; };
/* End PBXBuildFile section */

/* Begin PBXFileReference section */
		E76BCDF0220C82740087714B /* htc.app */ = {isa = PBXFileReference; explicitFileType = wrapper.application; includeInIndex = 0; path = htc.app; sourceTree = BUILT_PRODUCTS_DIR; };
		E76BCDF3220C82740087714B /* AppDelegate.swift */ = {isa = PBXFileReference; lastKnownFileType = sourcecode.swift; path = AppDelegate.swift; sourceTree = "<group>"; };
		E76BCDF5220C82740087714B /* ViewController.swift */ = {isa = PBXFileReference; lastKnownFileType = sourcecode.swift; path = ViewController.swift; sourceTree = "<group>"; };
		E76BCDF8220C82740087714B /* Base */ = {isa = PBXFileReference; lastKnownFileType = file.storyboard; name = Base; path = Base.lproj/Main.storyboard; sourceTree = "<group>"; };
		E76BCDFA220C82760087714B /* Assets.xcassets */ = {isa = PBXFileReference; lastKnownFileType = folder.assetcatalog; path = Assets.xcassets; sourceTree = "<group>"; };
		E76BCDFD220C82760087714B /* Base */ = {isa = PBXFileReference; lastKnownFileType = file.storyboard; name = Base; path = Base.lproj/LaunchScreen.storyboard; sourceTree = "<group>"; };
		E76BCDFF220C82760087714B /* Info.plist */ = {isa = PBXFileReference; lastKnownFileType = text.plist.xml; path = Info.plist; sourceTree = "<group>"; };
		E76BCE06220C82E20087714B /* PupilsViewController.swift */ = {isa = PBXFileReference; lastKnownFileType = sourcecode.swift; path = PupilsViewController.swift; sourceTree = "<group>"; };
		E76BCE08220C82EF0087714B /* PupilsViewController.storyboard */ = {isa = PBXFileReference; lastKnownFileType = file.storyboard; path = PupilsViewController.storyboard; sourceTree = "<group>"; };
		E76BCE0B220C86440087714B /* UITableViewExtentions.swift */ = {isa = PBXFileReference; lastKnownFileType = sourcecode.swift; path = UITableViewExtentions.swift; sourceTree = "<group>"; };
		E76BCE0D220C89710087714B /* PupilsTableViewCell.swift */ = {isa = PBXFileReference; lastKnownFileType = sourcecode.swift; path = PupilsTableViewCell.swift; sourceTree = "<group>"; };
		E76BCE10220C89DA0087714B /* PupilModel.swift */ = {isa = PBXFileReference; lastKnownFileType = sourcecode.swift; path = PupilModel.swift; sourceTree = "<group>"; };
		E76BCE12220C904D0087714B /* PupilData.swift */ = {isa = PBXFileReference; lastKnownFileType = sourcecode.swift; path = PupilData.swift; sourceTree = "<group>"; };
		E76BCE14220C90D80087714B /* PupilFunctions.swift */ = {isa = PBXFileReference; lastKnownFileType = sourcecode.swift; path = PupilFunctions.swift; sourceTree = "<group>"; };
		E76BCE17220C9E9B0087714B /* EditPupilViewController.storyboard */ = {isa = PBXFileReference; lastKnownFileType = file.storyboard; path = EditPupilViewController.storyboard; sourceTree = "<group>"; };
		E76BCE19220C9EA60087714B /* EditPupilViewController.swift */ = {isa = PBXFileReference; lastKnownFileType = sourcecode.swift; path = EditPupilViewController.swift; sourceTree = "<group>"; };
		E76BCE1D220CA02E0087714B /* PopupUIView.swift */ = {isa = PBXFileReference; lastKnownFileType = sourcecode.swift; path = PopupUIView.swift; sourceTree = "<group>"; };
		E76BCE1F220CA0590087714B /* Theme.swift */ = {isa = PBXFileReference; lastKnownFileType = sourcecode.swift; path = Theme.swift; sourceTree = "<group>"; };
		E76BCE23220CA1030087714B /* Color.xcassets */ = {isa = PBXFileReference; lastKnownFileType = folder.assetcatalog; path = Color.xcassets; sourceTree = "<group>"; };
		E76BCE25220CA6CC0087714B /* UIViewControllerExtention.swift */ = {isa = PBXFileReference; lastKnownFileType = sourcecode.swift; path = UIViewControllerExtention.swift; sourceTree = "<group>"; };
		E791944022339D850066D9DD /* UIViewExtensions.swift */ = {isa = PBXFileReference; lastKnownFileType = sourcecode.swift; path = UIViewExtensions.swift; sourceTree = "<group>"; };
		E7EF462F220F03B90059A047 /* Validation.swift */ = {isa = PBXFileReference; lastKnownFileType = sourcecode.swift; path = Validation.swift; sourceTree = "<group>"; };
/* End PBXFileReference section */

/* Begin PBXFrameworksBuildPhase section */
		E76BCDED220C82740087714B /* Frameworks */ = {
			isa = PBXFrameworksBuildPhase;
			buildActionMask = 2147483647;
			files = (
			);
			runOnlyForDeploymentPostprocessing = 0;
		};
/* End PBXFrameworksBuildPhase section */

/* Begin PBXGroup section */
		E76BCDE7220C82740087714B = {
			isa = PBXGroup;
			children = (
				E76BCDF2220C82740087714B /* htc */,
				E76BCDF1220C82740087714B /* Products */,
			);
			sourceTree = "<group>";
		};
		E76BCDF1220C82740087714B /* Products */ = {
			isa = PBXGroup;
			children = (
				E76BCDF0220C82740087714B /* htc.app */,
			);
			name = Products;
			sourceTree = "<group>";
		};
		E76BCDF2220C82740087714B /* htc */ = {
			isa = PBXGroup;
			children = (
				E76BCE21220CA0920087714B /* Resource */,
				E76BCE22220CA0C10087714B /* Models */,
				E76BCE1B220C9F310087714B /* Views */,
				E76BCDF3220C82740087714B /* AppDelegate.swift */,
				E76BCDF5220C82740087714B /* ViewController.swift */,
				E76BCDF7220C82740087714B /* Main.storyboard */,
				E76BCDFC220C82760087714B /* LaunchScreen.storyboard */,
				E76BCDFF220C82760087714B /* Info.plist */,
			);
			path = htc;
			sourceTree = "<group>";
		};
		E76BCE05220C82D10087714B /* PupilsViewController */ = {
			isa = PBXGroup;
			children = (
				E76BCE06220C82E20087714B /* PupilsViewController.swift */,
				E76BCE08220C82EF0087714B /* PupilsViewController.storyboard */,
				E76BCE0D220C89710087714B /* PupilsTableViewCell.swift */,
			);
			path = PupilsViewController;
			sourceTree = "<group>";
		};
		E76BCE0A220C85990087714B /* Extentions */ = {
			isa = PBXGroup;
			children = (
				E76BCE0B220C86440087714B /* UITableViewExtentions.swift */,
				E76BCE25220CA6CC0087714B /* UIViewControllerExtention.swift */,
				E791944022339D850066D9DD /* UIViewExtensions.swift */,
			);
			path = Extentions;
			sourceTree = "<group>";
		};
		E76BCE0F220C89B90087714B /* Pupil */ = {
			isa = PBXGroup;
			children = (
				E76BCE10220C89DA0087714B /* PupilModel.swift */,
				E76BCE14220C90D80087714B /* PupilFunctions.swift */,
			);
			path = Pupil;
			sourceTree = "<group>";
		};
		E76BCE16220C9E770087714B /* EditPupilViewController */ = {
			isa = PBXGroup;
			children = (
				E76BCE17220C9E9B0087714B /* EditPupilViewController.storyboard */,
				E76BCE19220C9EA60087714B /* EditPupilViewController.swift */,
			);
			path = EditPupilViewController;
			sourceTree = "<group>";
		};
		E76BCE1B220C9F310087714B /* Views */ = {
			isa = PBXGroup;
			children = (
				E76BCE16220C9E770087714B /* EditPupilViewController */,
				E76BCE05220C82D10087714B /* PupilsViewController */,
			);
			path = Views;
			sourceTree = "<group>";
		};
		E76BCE1C220CA0070087714B /* CustomControls */ = {
			isa = PBXGroup;
			children = (
				E76BCE1D220CA02E0087714B /* PopupUIView.swift */,
			);
			path = CustomControls;
			sourceTree = "<group>";
		};
		E76BCE21220CA0920087714B /* Resource */ = {
			isa = PBXGroup;
			children = (
				E7EF462E220F03980059A047 /* validation */,
				E76BCE0A220C85990087714B /* Extentions */,
				E76BCE1F220CA0590087714B /* Theme.swift */,
				E76BCE1C220CA0070087714B /* CustomControls */,
				E76BCDFA220C82760087714B /* Assets.xcassets */,
				E76BCE23220CA1030087714B /* Color.xcassets */,
			);
			path = Resource;
			sourceTree = "<group>";
		};
		E76BCE22220CA0C10087714B /* Models */ = {
			isa = PBXGroup;
			children = (
				E76BCE12220C904D0087714B /* PupilData.swift */,
				E76BCE0F220C89B90087714B /* Pupil */,
			);
			path = Models;
			sourceTree = "<group>";
		};
		E7EF462E220F03980059A047 /* validation */ = {
			isa = PBXGroup;
			children = (
				E7EF462F220F03B90059A047 /* Validation.swift */,
			);
			path = validation;
			sourceTree = "<group>";
		};
/* End PBXGroup section */

/* Begin PBXNativeTarget section */
		E76BCDEF220C82740087714B /* htc */ = {
			isa = PBXNativeTarget;
			buildConfigurationList = E76BCE02220C82760087714B /* Build configuration list for PBXNativeTarget "htc" */;
			buildPhases = (
				E76BCDEC220C82740087714B /* Sources */,
				E76BCDED220C82740087714B /* Frameworks */,
				E76BCDEE220C82740087714B /* Resources */,
			);
			buildRules = (
			);
			dependencies = (
			);
			name = htc;
			productName = htc;
			productReference = E76BCDF0220C82740087714B /* htc.app */;
			productType = "com.apple.product-type.application";
		};
/* End PBXNativeTarget section */

/* Begin PBXProject section */
		E76BCDE8220C82740087714B /* Project object */ = {
			isa = PBXProject;
			attributes = {
				LastSwiftUpdateCheck = 1010;
				LastUpgradeCheck = 1010;
				ORGANIZATIONNAME = "Princess Max";
				TargetAttributes = {
					E76BCDEF220C82740087714B = {
						CreatedOnToolsVersion = 10.1;
					};
				};
			};
			buildConfigurationList = E76BCDEB220C82740087714B /* Build configuration list for PBXProject "htc" */;
			compatibilityVersion = "Xcode 9.3";
			developmentRegion = en;
			hasScannedForEncodings = 0;
			knownRegions = (
				en,
				Base,
			);
			mainGroup = E76BCDE7220C82740087714B;
			productRefGroup = E76BCDF1220C82740087714B /* Products */;
			projectDirPath = "";
			projectRoot = "";
			targets = (
				E76BCDEF220C82740087714B /* htc */,
			);
		};
/* End PBXProject section */

/* Begin PBXResourcesBuildPhase section */
		E76BCDEE220C82740087714B /* Resources */ = {
			isa = PBXResourcesBuildPhase;
			buildActionMask = 2147483647;
			files = (
				E76BCE18220C9E9B0087714B /* EditPupilViewController.storyboard in Resources */,
				E76BCDFE220C82760087714B /* LaunchScreen.storyboard in Resources */,
				E76BCE09220C82EF0087714B /* PupilsViewController.storyboard in Resources */,
				E76BCDFB220C82760087714B /* Assets.xcassets in Resources */,
				E76BCDF9220C82740087714B /* Main.storyboard in Resources */,
				E76BCE24220CA1030087714B /* Color.xcassets in Resources */,
			);
			runOnlyForDeploymentPostprocessing = 0;
		};
/* End PBXResourcesBuildPhase section */

/* Begin PBXSourcesBuildPhase section */
		E76BCDEC220C82740087714B /* Sources */ = {
			isa = PBXSourcesBuildPhase;
			buildActionMask = 2147483647;
			files = (
				E76BCE1A220C9EA60087714B /* EditPupilViewController.swift in Sources */,
				E76BCE13220C904D0087714B /* PupilData.swift in Sources */,
				E76BCE11220C89DA0087714B /* PupilModel.swift in Sources */,
				E76BCE15220C90D80087714B /* PupilFunctions.swift in Sources */,
				E7EF4630220F03B90059A047 /* Validation.swift in Sources */,
				E76BCE20220CA0590087714B /* Theme.swift in Sources */,
				E76BCE26220CA6CC0087714B /* UIViewControllerExtention.swift in Sources */,
				E76BCE0C220C86440087714B /* UITableViewExtentions.swift in Sources */,
				E791944122339D850066D9DD /* UIViewExtensions.swift in Sources */,
				E76BCDF6220C82740087714B /* ViewController.swift in Sources */,
				E76BCE0E220C89710087714B /* PupilsTableViewCell.swift in Sources */,
				E76BCDF4220C82740087714B /* AppDelegate.swift in Sources */,
				E76BCE07220C82E20087714B /* PupilsViewController.swift in Sources */,
				E76BCE1E220CA02E0087714B /* PopupUIView.swift in Sources */,
			);
			runOnlyForDeploymentPostprocessing = 0;
		};
/* End PBXSourcesBuildPhase section */

/* Begin PBXVariantGroup section */
		E76BCDF7220C82740087714B /* Main.storyboard */ = {
			isa = PBXVariantGroup;
			children = (
				E76BCDF8220C82740087714B /* Base */,
			);
			name = Main.storyboard;
			sourceTree = "<group>";
		};
		E76BCDFC220C82760087714B /* LaunchScreen.storyboard */ = {
			isa = PBXVariantGroup;
			children = (
				E76BCDFD220C82760087714B /* Base */,
			);
			name = LaunchScreen.storyboard;
			sourceTree = "<group>";
		};
/* End PBXVariantGroup section */

/* Begin XCBuildConfiguration section */
		E76BCE00220C82760087714B /* Debug */ = {
			isa = XCBuildConfiguration;
			buildSettings = {
				ALWAYS_SEARCH_USER_PATHS = NO;
				CLANG_ANALYZER_NONNULL = YES;
				CLANG_ANALYZER_NUMBER_OBJECT_CONVERSION = YES_AGGRESSIVE;
				CLANG_CXX_LANGUAGE_STANDARD = "gnu++14";
				CLANG_CXX_LIBRARY = "libc++";
				CLANG_ENABLE_MODULES = YES;
				CLANG_ENABLE_OBJC_ARC = YES;
				CLANG_ENABLE_OBJC_WEAK = YES;
				CLANG_WARN_BLOCK_CAPTURE_AUTORELEASING = YES;
				CLANG_WARN_BOOL_CONVERSION = YES;
				CLANG_WARN_COMMA = YES;
				CLANG_WARN_CONSTANT_CONVERSION = YES;
				CLANG_WARN_DEPRECATED_OBJC_IMPLEMENTATIONS = YES;
				CLANG_WARN_DIRECT_OBJC_ISA_USAGE = YES_ERROR;
				CLANG_WARN_DOCUMENTATION_COMMENTS = YES;
				CLANG_WARN_EMPTY_BODY = YES;
				CLANG_WARN_ENUM_CONVERSION = YES;
				CLANG_WARN_INFINITE_RECURSION = YES;
				CLANG_WARN_INT_CONVERSION = YES;
				CLANG_WARN_NON_LITERAL_NULL_CONVERSION = YES;
				CLANG_WARN_OBJC_IMPLICIT_RETAIN_SELF = YES;
				CLANG_WARN_OBJC_LITERAL_CONVERSION = YES;
				CLANG_WARN_OBJC_ROOT_CLASS = YES_ERROR;
				CLANG_WARN_RANGE_LOOP_ANALYSIS = YES;
				CLANG_WARN_STRICT_PROTOTYPES = YES;
				CLANG_WARN_SUSPICIOUS_MOVE = YES;
				CLANG_WARN_UNGUARDED_AVAILABILITY = YES_AGGRESSIVE;
				CLANG_WARN_UNREACHABLE_CODE = YES;
				CLANG_WARN__DUPLICATE_METHOD_MATCH = YES;
				CODE_SIGN_IDENTITY = "iPhone Developer";
				COPY_PHASE_STRIP = NO;
				DEBUG_INFORMATION_FORMAT = dwarf;
				ENABLE_STRICT_OBJC_MSGSEND = YES;
				ENABLE_TESTABILITY = YES;
				GCC_C_LANGUAGE_STANDARD = gnu11;
				GCC_DYNAMIC_NO_PIC = NO;
				GCC_NO_COMMON_BLOCKS = YES;
				GCC_OPTIMIZATION_LEVEL = 0;
				GCC_PREPROCESSOR_DEFINITIONS = (
					"DEBUG=1",
					"$(inherited)",
				);
				GCC_WARN_64_TO_32_BIT_CONVERSION = YES;
				GCC_WARN_ABOUT_RETURN_TYPE = YES_ERROR;
				GCC_WARN_UNDECLARED_SELECTOR = YES;
				GCC_WARN_UNINITIALIZED_AUTOS = YES_AGGRESSIVE;
				GCC_WARN_UNUSED_FUNCTION = YES;
				GCC_WARN_UNUSED_VARIABLE = YES;
				IPHONEOS_DEPLOYMENT_TARGET = 12.1;
				MTL_ENABLE_DEBUG_INFO = INCLUDE_SOURCE;
				MTL_FAST_MATH = YES;
				ONLY_ACTIVE_ARCH = YES;
				SDKROOT = iphoneos;
				SWIFT_ACTIVE_COMPILATION_CONDITIONS = DEBUG;
				SWIFT_OPTIMIZATION_LEVEL = "-Onone";
			};
			name = Debug;
		};
		E76BCE01220C82760087714B /* Release */ = {
			isa = XCBuildConfiguration;
			buildSettings = {
				ALWAYS_SEARCH_USER_PATHS = NO;
				CLANG_ANALYZER_NONNULL = YES;
				CLANG_ANALYZER_NUMBER_OBJECT_CONVERSION = YES_AGGRESSIVE;
				CLANG_CXX_LANGUAGE_STANDARD = "gnu++14";
				CLANG_CXX_LIBRARY = "libc++";
				CLANG_ENABLE_MODULES = YES;
				CLANG_ENABLE_OBJC_ARC = YES;
				CLANG_ENABLE_OBJC_WEAK = YES;
				CLANG_WARN_BLOCK_CAPTURE_AUTORELEASING = YES;
				CLANG_WARN_BOOL_CONVERSION = YES;
				CLANG_WARN_COMMA = YES;
				CLANG_WARN_CONSTANT_CONVERSION = YES;
				CLANG_WARN_DEPRECATED_OBJC_IMPLEMENTATIONS = YES;
				CLANG_WARN_DIRECT_OBJC_ISA_USAGE = YES_ERROR;
				CLANG_WARN_DOCUMENTATION_COMMENTS = YES;
				CLANG_WARN_EMPTY_BODY = YES;
				CLANG_WARN_ENUM_CONVERSION = YES;
				CLANG_WARN_INFINITE_RECURSION = YES;
				CLANG_WARN_INT_CONVERSION = YES;
				CLANG_WARN_NON_LITERAL_NULL_CONVERSION = YES;
				CLANG_WARN_OBJC_IMPLICIT_RETAIN_SELF = YES;
				CLANG_WARN_OBJC_LITERAL_CONVERSION = YES;
				CLANG_WARN_OBJC_ROOT_CLASS = YES_ERROR;
				CLANG_WARN_RANGE_LOOP_ANALYSIS = YES;
				CLANG_WARN_STRICT_PROTOTYPES = YES;
				CLANG_WARN_SUSPICIOUS_MOVE = YES;
				CLANG_WARN_UNGUARDED_AVAILABILITY = YES_AGGRESSIVE;
				CLANG_WARN_UNREACHABLE_CODE = YES;
				CLANG_WARN__DUPLICATE_METHOD_MATCH = YES;
				CODE_SIGN_IDENTITY = "iPhone Developer";
				COPY_PHASE_STRIP = NO;
				DEBUG_INFORMATION_FORMAT = "dwarf-with-dsym";
				ENABLE_NS_ASSERTIONS = NO;
				ENABLE_STRICT_OBJC_MSGSEND = YES;
				GCC_C_LANGUAGE_STANDARD = gnu11;
				GCC_NO_COMMON_BLOCKS = YES;
				GCC_WARN_64_TO_32_BIT_CONVERSION = YES;
				GCC_WARN_ABOUT_RETURN_TYPE = YES_ERROR;
				GCC_WARN_UNDECLARED_SELECTOR = YES;
				GCC_WARN_UNINITIALIZED_AUTOS = YES_AGGRESSIVE;
				GCC_WARN_UNUSED_FUNCTION = YES;
				GCC_WARN_UNUSED_VARIABLE = YES;
				IPHONEOS_DEPLOYMENT_TARGET = 12.1;
				MTL_ENABLE_DEBUG_INFO = NO;
				MTL_FAST_MATH = YES;
				SDKROOT = iphoneos;
				SWIFT_COMPILATION_MODE = wholemodule;
				SWIFT_OPTIMIZATION_LEVEL = "-O";
				VALIDATE_PRODUCT = YES;
			};
			name = Release;
		};
		E76BCE03220C82760087714B /* Debug */ = {
			isa = XCBuildConfiguration;
			buildSettings = {
				ASSETCATALOG_COMPILER_APPICON_NAME = AppIcon;
				CODE_SIGN_STYLE = Automatic;
				DEVELOPMENT_TEAM = F7HQJR66P4;
				INFOPLIST_FILE = htc/Info.plist;
				LD_RUNPATH_SEARCH_PATHS = (
					"$(inherited)",
					"@executable_path/Frameworks",
				);
				PRODUCT_BUNDLE_IDENTIFIER = swift.htc;
				PRODUCT_NAME = "$(TARGET_NAME)";
				SWIFT_VERSION = 4.2;
				TARGETED_DEVICE_FAMILY = "1,2";
			};
			name = Debug;
		};
		E76BCE04220C82760087714B /* Release */ = {
			isa = XCBuildConfiguration;
			buildSettings = {
				ASSETCATALOG_COMPILER_APPICON_NAME = AppIcon;
				CODE_SIGN_STYLE = Automatic;
				DEVELOPMENT_TEAM = F7HQJR66P4;
				INFOPLIST_FILE = htc/Info.plist;
				LD_RUNPATH_SEARCH_PATHS = (
					"$(inherited)",
					"@executable_path/Frameworks",
				);
				PRODUCT_BUNDLE_IDENTIFIER = swift.htc;
				PRODUCT_NAME = "$(TARGET_NAME)";
				SWIFT_VERSION = 4.2;
				TARGETED_DEVICE_FAMILY = "1,2";
			};
			name = Release;
		};
/* End XCBuildConfiguration section */

/* Begin XCConfigurationList section */
		E76BCDEB220C82740087714B /* Build configuration list for PBXProject "htc" */ = {
			isa = XCConfigurationList;
			buildConfigurations = (
				E76BCE00220C82760087714B /* Debug */,
				E76BCE01220C82760087714B /* Release */,
			);
			defaultConfigurationIsVisible = 0;
			defaultConfigurationName = Release;
		};
		E76BCE02220C82760087714B /* Build configuration list for PBXNativeTarget "htc" */ = {
			isa = XCConfigurationList;
			buildConfigurations = (
				E76BCE03220C82760087714B /* Debug */,
				E76BCE04220C82760087714B /* Release */,
			);
			defaultConfigurationIsVisible = 0;
			defaultConfigurationName = Release;
		};
/* End XCConfigurationList section */
	};
	rootObject = E76BCDE8220C82740087714B /* Project object */;
}
